// !$*UTF8*$!
{
	archiveVersion = 1;
	classes = {
	};
	objectVersion = 46;
	objects = {

/* Begin PBXBuildFile section */
		E7FDFCB01D5C64DF002B8A05 /* main.m in Sources */ = {isa = PBXBuildFile; fileRef = E7FDFCAF1D5C64DF002B8A05 /* main.m */; };
		E7FDFCB31D5C64DF002B8A05 /* AppDelegate.m in Sources */ = {isa = PBXBuildFile; fileRef = E7FDFCB21D5C64DF002B8A05 /* AppDelegate.m */; };
		E7FDFCB61D5C64DF002B8A05 /* ViewController.m in Sources */ = {isa = PBXBuildFile; fileRef = E7FDFCB51D5C64DF002B8A05 /* ViewController.m */; };
		E7FDFCB91D5C64DF002B8A05 /* Main.storyboard in Resources */ = {isa = PBXBuildFile; fileRef = E7FDFCB71D5C64DF002B8A05 /* Main.storyboard */; };
		E7FDFCBB1D5C64DF002B8A05 /* Assets.xcassets in Resources */ = {isa = PBXBuildFile; fileRef = E7FDFCBA1D5C64DF002B8A05 /* Assets.xcassets */; };
		E7FDFCBE1D5C64DF002B8A05 /* LaunchScreen.storyboard in Resources */ = {isa = PBXBuildFile; fileRef = E7FDFCBC1D5C64DF002B8A05 /* LaunchScreen.storyboard */; };
		E7FDFCC91D5C64DF002B8A05 /* PDTransformLayerStudyTests.m in Sources */ = {isa = PBXBuildFile; fileRef = E7FDFCC81D5C64DF002B8A05 /* PDTransformLayerStudyTests.m */; };
		E7FDFCD41D5C64DF002B8A05 /* PDTransformLayerStudyUITests.m in Sources */ = {isa = PBXBuildFile; fileRef = E7FDFCD31D5C64DF002B8A05 /* PDTransformLayerStudyUITests.m */; };
/* End PBXBuildFile section */

/* Begin PBXContainerItemProxy section */
		E7FDFCC51D5C64DF002B8A05 /* PBXContainerItemProxy */ = {
			isa = PBXContainerItemProxy;
			containerPortal = E7FDFCA31D5C64DF002B8A05 /* Project object */;
			proxyType = 1;
			remoteGlobalIDString = E7FDFCAA1D5C64DF002B8A05;
			remoteInfo = PDTransformLayerStudy;
		};
		E7FDFCD01D5C64DF002B8A05 /* PBXContainerItemProxy */ = {
			isa = PBXContainerItemProxy;
			containerPortal = E7FDFCA31D5C64DF002B8A05 /* Project object */;
			proxyType = 1;
			remoteGlobalIDString = E7FDFCAA1D5C64DF002B8A05;
			remoteInfo = PDTransformLayerStudy;
		};
/* End PBXContainerItemProxy section */

/* Begin PBXFileReference section */
		E7FDFCAB1D5C64DF002B8A05 /* PDTransformLayerStudy.app */ = {isa = PBXFileReference; explicitFileType = wrapper.application; includeInIndex = 0; path = PDTransformLayerStudy.app; sourceTree = BUILT_PRODUCTS_DIR; };
		E7FDFCAF1D5C64DF002B8A05 /* main.m */ = {isa = PBXFileReference; lastKnownFileType = sourcecode.c.objc; path = main.m; sourceTree = "<group>"; };
		E7FDFCB11D5C64DF002B8A05 /* AppDelegate.h */ = {isa = PBXFileReference; lastKnownFileType = sourcecode.c.h; path = AppDelegate.h; sourceTree = "<group>"; };
		E7FDFCB21D5C64DF002B8A05 /* AppDelegate.m */ = {isa = PBXFileReference; lastKnownFileType = sourcecode.c.objc; path = AppDelegate.m; sourceTree = "<group>"; };
		E7FDFCB41D5C64DF002B8A05 /* ViewController.h */ = {isa = PBXFileReference; lastKnownFileType = sourcecode.c.h; path = ViewController.h; sourceTree = "<group>"; };
		E7FDFCB51D5C64DF002B8A05 /* ViewController.m */ = {isa = PBXFileReference; lastKnownFileType = sourcecode.c.objc; path = ViewController.m; sourceTree = "<group>"; };
		E7FDFCB81D5C64DF002B8A05 /* Base */ = {isa = PBXFileReference; lastKnownFileType = file.storyboard; name = Base; path = Base.lproj/Main.storyboard; sourceTree = "<group>"; };
		E7FDFCBA1D5C64DF002B8A05 /* Assets.xcassets */ = {isa = PBXFileReference; lastKnownFileType = folder.assetcatalog; path = Assets.xcassets; sourceTree = "<group>"; };
		E7FDFCBD1D5C64DF002B8A05 /* Base */ = {isa = PBXFileReference; lastKnownFileType = file.storyboard; name = Base; path = Base.lproj/LaunchScreen.storyboard; sourceTree = "<group>"; };
		E7FDFCBF1D5C64DF002B8A05 /* Info.plist */ = {isa = PBXFileReference; lastKnownFileType = text.plist.xml; path = Info.plist; sourceTree = "<group>"; };
		E7FDFCC41D5C64DF002B8A05 /* PDTransformLayerStudyTests.xctest */ = {isa = PBXFileReference; explicitFileType = wrapper.cfbundle; includeInIndex = 0; path = PDTransformLayerStudyTests.xctest; sourceTree = BUILT_PRODUCTS_DIR; };
		E7FDFCC81D5C64DF002B8A05 /* PDTransformLayerStudyTests.m */ = {isa = PBXFileReference; lastKnownFileType = sourcecode.c.objc; path = PDTransformLayerStudyTests.m; sourceTree = "<group>"; };
		E7FDFCCA1D5C64DF002B8A05 /* Info.plist */ = {isa = PBXFileReference; lastKnownFileType = text.plist.xml; path = Info.plist; sourceTree = "<group>"; };
		E7FDFCCF1D5C64DF002B8A05 /* PDTransformLayerStudyUITests.xctest */ = {isa = PBXFileReference; explicitFileType = wrapper.cfbundle; includeInIndex = 0; path = PDTransformLayerStudyUITests.xctest; sourceTree = BUILT_PRODUCTS_DIR; };
		E7FDFCD31D5C64DF002B8A05 /* PDTransformLayerStudyUITests.m */ = {isa = PBXFileReference; lastKnownFileType = sourcecode.c.objc; path = PDTransformLayerStudyUITests.m; sourceTree = "<group>"; };
		E7FDFCD51D5C64DF002B8A05 /* Info.plist */ = {isa = PBXFileReference; lastKnownFileType = text.plist.xml; path = Info.plist; sourceTree = "<group>"; };
/* End PBXFileReference section */

/* Begin PBXFrameworksBuildPhase section */
		E7FDFCA81D5C64DF002B8A05 /* Frameworks */ = {
			isa = PBXFrameworksBuildPhase;
			buildActionMask = 2147483647;
			files = (
			);
			runOnlyForDeploymentPostprocessing = 0;
		};
		E7FDFCC11D5C64DF002B8A05 /* Frameworks */ = {
			isa = PBXFrameworksBuildPhase;
			buildActionMask = 2147483647;
			files = (
			);
			runOnlyForDeploymentPostprocessing = 0;
		};
		E7FDFCCC1D5C64DF002B8A05 /* Frameworks */ = {
			isa = PBXFrameworksBuildPhase;
			buildActionMask = 2147483647;
			files = (
			);
			runOnlyForDeploymentPostprocessing = 0;
		};
/* End PBXFrameworksBuildPhase section */

/* Begin PBXGroup section */
		E7FDFCA21D5C64DF002B8A05 = {
			isa = PBXGroup;
			children = (
				E7FDFCAD1D5C64DF002B8A05 /* PDTransformLayerStudy */,
				E7FDFCC71D5C64DF002B8A05 /* PDTransformLayerStudyTests */,
				E7FDFCD21D5C64DF002B8A05 /* PDTransformLayerStudyUITests */,
				E7FDFCAC1D5C64DF002B8A05 /* Products */,
			);
			sourceTree = "<group>";
		};
		E7FDFCAC1D5C64DF002B8A05 /* Products */ = {
			isa = PBXGroup;
			children = (
				E7FDFCAB1D5C64DF002B8A05 /* PDTransformLayerStudy.app */,
				E7FDFCC41D5C64DF002B8A05 /* PDTransformLayerStudyTests.xctest */,
				E7FDFCCF1D5C64DF002B8A05 /* PDTransformLayerStudyUITests.xctest */,
			);
			name = Products;
			sourceTree = "<group>";
		};
		E7FDFCAD1D5C64DF002B8A05 /* PDTransformLayerStudy */ = {
			isa = PBXGroup;
			children = (
				E7FDFCB11D5C64DF002B8A05 /* AppDelegate.h */,
				E7FDFCB21D5C64DF002B8A05 /* AppDelegate.m */,
				E7FDFCB41D5C64DF002B8A05 /* ViewController.h */,
				E7FDFCB51D5C64DF002B8A05 /* ViewController.m */,
				E7FDFCB71D5C64DF002B8A05 /* Main.storyboard */,
				E7FDFCBA1D5C64DF002B8A05 /* Assets.xcassets */,
				E7FDFCBC1D5C64DF002B8A05 /* LaunchScreen.storyboard */,
				E7FDFCBF1D5C64DF002B8A05 /* Info.plist */,
				E7FDFCAE1D5C64DF002B8A05 /* Supporting Files */,
			);
			path = PDTransformLayerStudy;
			sourceTree = "<group>";
		};
		E7FDFCAE1D5C64DF002B8A05 /* Supporting Files */ = {
			isa = PBXGroup;
			children = (
				E7FDFCAF1D5C64DF002B8A05 /* main.m */,
			);
			name = "Supporting Files";
			sourceTree = "<group>";
		};
		E7FDFCC71D5C64DF002B8A05 /* PDTransformLayerStudyTests */ = {
			isa = PBXGroup;
			children = (
				E7FDFCC81D5C64DF002B8A05 /* PDTransformLayerStudyTests.m */,
				E7FDFCCA1D5C64DF002B8A05 /* Info.plist */,
			);
			path = PDTransformLayerStudyTests;
			sourceTree = "<group>";
		};
		E7FDFCD21D5C64DF002B8A05 /* PDTransformLayerStudyUITests */ = {
			isa = PBXGroup;
			children = (
				E7FDFCD31D5C64DF002B8A05 /* PDTransformLayerStudyUITests.m */,
				E7FDFCD51D5C64DF002B8A05 /* Info.plist */,
			);
			path = PDTransformLayerStudyUITests;
			sourceTree = "<group>";
		};
/* End PBXGroup section */

/* Begin PBXNativeTarget section */
		E7FDFCAA1D5C64DF002B8A05 /* PDTransformLayerStudy */ = {
			isa = PBXNativeTarget;
			buildConfigurationList = E7FDFCD81D5C64DF002B8A05 /* Build configuration list for PBXNativeTarget "PDTransformLayerStudy" */;
			buildPhases = (
				E7FDFCA71D5C64DF002B8A05 /* Sources */,
				E7FDFCA81D5C64DF002B8A05 /* Frameworks */,
				E7FDFCA91D5C64DF002B8A05 /* Resources */,
			);
			buildRules = (
			);
			dependencies = (
			);
			name = PDTransformLayerStudy;
			productName = PDTransformLayerStudy;
			productReference = E7FDFCAB1D5C64DF002B8A05 /* PDTransformLayerStudy.app */;
			productType = "com.apple.product-type.application";
		};
		E7FDFCC31D5C64DF002B8A05 /* PDTransformLayerStudyTests */ = {
			isa = PBXNativeTarget;
			buildConfigurationList = E7FDFCDB1D5C64DF002B8A05 /* Build configuration list for PBXNativeTarget "PDTransformLayerStudyTests" */;
			buildPhases = (
				E7FDFCC01D5C64DF002B8A05 /* Sources */,
				E7FDFCC11D5C64DF002B8A05 /* Frameworks */,
				E7FDFCC21D5C64DF002B8A05 /* Resources */,
			);
			buildRules = (
			);
			dependencies = (
				E7FDFCC61D5C64DF002B8A05 /* PBXTargetDependency */,
			);
			name = PDTransformLayerStudyTests;
			productName = PDTransformLayerStudyTests;
			productReference = E7FDFCC41D5C64DF002B8A05 /* PDTransformLayerStudyTests.xctest */;
			productType = "com.apple.product-type.bundle.unit-test";
		};
		E7FDFCCE1D5C64DF002B8A05 /* PDTransformLayerStudyUITests */ = {
			isa = PBXNativeTarget;
			buildConfigurationList = E7FDFCDE1D5C64DF002B8A05 /* Build configuration list for PBXNativeTarget "PDTransformLayerStudyUITests" */;
			buildPhases = (
				E7FDFCCB1D5C64DF002B8A05 /* Sources */,
				E7FDFCCC1D5C64DF002B8A05 /* Frameworks */,
				E7FDFCCD1D5C64DF002B8A05 /* Resources */,
			);
			buildRules = (
			);
			dependencies = (
				E7FDFCD11D5C64DF002B8A05 /* PBXTargetDependency */,
			);
			name = PDTransformLayerStudyUITests;
			productName = PDTransformLayerStudyUITests;
			productReference = E7FDFCCF1D5C64DF002B8A05 /* PDTransformLayerStudyUITests.xctest */;
			productType = "com.apple.product-type.bundle.ui-testing";
		};
/* End PBXNativeTarget section */

/* Begin PBXProject section */
		E7FDFCA31D5C64DF002B8A05 /* Project object */ = {
			isa = PBXProject;
			attributes = {
				LastUpgradeCheck = 0730;
				ORGANIZATIONNAME = "彭懂";
				TargetAttributes = {
					E7FDFCAA1D5C64DF002B8A05 = {
						CreatedOnToolsVersion = 7.3.1;
					};
					E7FDFCC31D5C64DF002B8A05 = {
						CreatedOnToolsVersion = 7.3.1;
						TestTargetID = E7FDFCAA1D5C64DF002B8A05;
					};
					E7FDFCCE1D5C64DF002B8A05 = {
						CreatedOnToolsVersion = 7.3.1;
						TestTargetID = E7FDFCAA1D5C64DF002B8A05;
					};
				};
			};
			buildConfigurationList = E7FDFCA61D5C64DF002B8A05 /* Build configuration list for PBXProject "PDTransformLayerStudy" */;
			compatibilityVersion = "Xcode 3.2";
			developmentRegion = English;
			hasScannedForEncodings = 0;
			knownRegions = (
				en,
				Base,
			);
			mainGroup = E7FDFCA21D5C64DF002B8A05;
			productRefGroup = E7FDFCAC1D5C64DF002B8A05 /* Products */;
			projectDirPath = "";
			projectRoot = "";
			targets = (
				E7FDFCAA1D5C64DF002B8A05 /* PDTransformLayerStudy */,
				E7FDFCC31D5C64DF002B8A05 /* PDTransformLayerStudyTests */,
				E7FDFCCE1D5C64DF002B8A05 /* PDTransformLayerStudyUITests */,
			);
		};
/* End PBXProject section */

/* Begin PBXResourcesBuildPhase section */
		E7FDFCA91D5C64DF002B8A05 /* Resources */ = {
			isa = PBXResourcesBuildPhase;
			buildActionMask = 2147483647;
			files = (
				E7FDFCBE1D5C64DF002B8A05 /* LaunchScreen.storyboard in Resources */,
				E7FDFCBB1D5C64DF002B8A05 /* Assets.xcassets in Resources */,
				E7FDFCB91D5C64DF002B8A05 /* Main.storyboard in Resources */,
			);
			runOnlyForDeploymentPostprocessing = 0;
		};
		E7FDFCC21D5C64DF002B8A05 /* Resources */ = {
			isa = PBXResourcesBuildPhase;
			buildActionMask = 2147483647;
			files = (
			);
			runOnlyForDeploymentPostprocessing = 0;
		};
		E7FDFCCD1D5C64DF002B8A05 /* Resources */ = {
			isa = PBXResourcesBuildPhase;
			buildActionMask = 2147483647;
			files = (
			);
			runOnlyForDeploymentPostprocessing = 0;
		};
/* End PBXResourcesBuildPhase section */

/* Begin PBXSourcesBuildPhase section */
		E7FDFCA71D5C64DF002B8A05 /* Sources */ = {
			isa = PBXSourcesBuildPhase;
			buildActionMask = 2147483647;
			files = (
				E7FDFCB61D5C64DF002B8A05 /* ViewController.m in Sources */,
				E7FDFCB31D5C64DF002B8A05 /* AppDelegate.m in Sources */,
				E7FDFCB01D5C64DF002B8A05 /* main.m in Sources */,
			);
			runOnlyForDeploymentPostprocessing = 0;
		};
		E7FDFCC01D5C64DF002B8A05 /* Sources */ = {
			isa = PBXSourcesBuildPhase;
			buildActionMask = 2147483647;
			files = (
				E7FDFCC91D5C64DF002B8A05 /* PDTransformLayerStudyTests.m in Sources */,
			);
			runOnlyForDeploymentPostprocessing = 0;
		};
		E7FDFCCB1D5C64DF002B8A05 /* Sources */ = {
			isa = PBXSourcesBuildPhase;
			buildActionMask = 2147483647;
			files = (
				E7FDFCD41D5C64DF002B8A05 /* PDTransformLayerStudyUITests.m in Sources */,
			);
			runOnlyForDeploymentPostprocessing = 0;
		};
/* End PBXSourcesBuildPhase section */

/* Begin PBXTargetDependency section */
		E7FDFCC61D5C64DF002B8A05 /* PBXTargetDependency */ = {
			isa = PBXTargetDependency;
			target = E7FDFCAA1D5C64DF002B8A05 /* PDTransformLayerStudy */;
			targetProxy = E7FDFCC51D5C64DF002B8A05 /* PBXContainerItemProxy */;
		};
		E7FDFCD11D5C64DF002B8A05 /* PBXTargetDependency */ = {
			isa = PBXTargetDependency;
			target = E7FDFCAA1D5C64DF002B8A05 /* PDTransformLayerStudy */;
			targetProxy = E7FDFCD01D5C64DF002B8A05 /* PBXContainerItemProxy */;
		};
/* End PBXTargetDependency section */

/* Begin PBXVariantGroup section */
		E7FDFCB71D5C64DF002B8A05 /* Main.storyboard */ = {
			isa = PBXVariantGroup;
			children = (
				E7FDFCB81D5C64DF002B8A05 /* Base */,
			);
			name = Main.storyboard;
			sourceTree = "<group>";
		};
		E7FDFCBC1D5C64DF002B8A05 /* LaunchScreen.storyboard */ = {
			isa = PBXVariantGroup;
			children = (
				E7FDFCBD1D5C64DF002B8A05 /* Base */,
			);
			name = LaunchScreen.storyboard;
			sourceTree = "<group>";
		};
/* End PBXVariantGroup section */

/* Begin XCBuildConfiguration section */
		E7FDFCD61D5C64DF002B8A05 /* Debug */ = {
			isa = XCBuildConfiguration;
			buildSettings = {
				ALWAYS_SEARCH_USER_PATHS = NO;
				CLANG_ANALYZER_NONNULL = YES;
				CLANG_CXX_LANGUAGE_STANDARD = "gnu++0x";
				CLANG_CXX_LIBRARY = "libc++";
				CLANG_ENABLE_MODULES = YES;
				CLANG_ENABLE_OBJC_ARC = YES;
				CLANG_WARN_BOOL_CONVERSION = YES;
				CLANG_WARN_CONSTANT_CONVERSION = YES;
				CLANG_WARN_DIRECT_OBJC_ISA_USAGE = YES_ERROR;
				CLANG_WARN_EMPTY_BODY = YES;
				CLANG_WARN_ENUM_CONVERSION = YES;
				CLANG_WARN_INT_CONVERSION = YES;
				CLANG_WARN_OBJC_ROOT_CLASS = YES_ERROR;
				CLANG_WARN_UNREACHABLE_CODE = YES;
				CLANG_WARN__DUPLICATE_METHOD_MATCH = YES;
				"CODE_SIGN_IDENTITY[sdk=iphoneos*]" = "iPhone Developer";
				COPY_PHASE_STRIP = NO;
				DEBUG_INFORMATION_FORMAT = dwarf;
				ENABLE_STRICT_OBJC_MSGSEND = YES;
				ENABLE_TESTABILITY = YES;
				GCC_C_LANGUAGE_STANDARD = gnu99;
				GCC_DYNAMIC_NO_PIC = NO;
				GCC_NO_COMMON_BLOCKS = YES;
				GCC_OPTIMIZATION_LEVEL = 0;
				GCC_PREPROCESSOR_DEFINITIONS = (
					"DEBUG=1",
					"$(inherited)",
				);
				GCC_WARN_64_TO_32_BIT_CONVERSION = YES;
				GCC_WARN_ABOUT_RETURN_TYPE = YES_ERROR;
				GCC_WARN_UNDECLARED_SELECTOR = YES;
				GCC_WARN_UNINITIALIZED_AUTOS = YES_AGGRESSIVE;
				GCC_WARN_UNUSED_FUNCTION = YES;
				GCC_WARN_UNUSED_VARIABLE = YES;
				IPHONEOS_DEPLOYMENT_TARGET = 9.3;
				MTL_ENABLE_DEBUG_INFO = YES;
				ONLY_ACTIVE_ARCH = YES;
				SDKROOT = iphoneos;
				TARGETED_DEVICE_FAMILY = "1,2";
			};
			name = Debug;
		};
		E7FDFCD71D5C64DF002B8A05 /* Release */ = {
			isa = XCBuildConfiguration;
			buildSettings = {
				ALWAYS_SEARCH_USER_PATHS = NO;
				CLANG_ANALYZER_NONNULL = YES;
				CLANG_CXX_LANGUAGE_STANDARD = "gnu++0x";
				CLANG_CXX_LIBRARY = "libc++";
				CLANG_ENABLE_MODULES = YES;
				CLANG_ENABLE_OBJC_ARC = YES;
				CLANG_WARN_BOOL_CONVERSION = YES;
				CLANG_WARN_CONSTANT_CONVERSION = YES;
				CLANG_WARN_DIRECT_OBJC_ISA_USAGE = YES_ERROR;
				CLANG_WARN_EMPTY_BODY = YES;
				CLANG_WARN_ENUM_CONVERSION = YES;
				CLANG_WARN_INT_CONVERSION = YES;
				CLANG_WARN_OBJC_ROOT_CLASS = YES_ERROR;
				CLANG_WARN_UNREACHABLE_CODE = YES;
				CLANG_WARN__DUPLICATE_METHOD_MATCH = YES;
				"CODE_SIGN_IDENTITY[sdk=iphoneos*]" = "iPhone Developer";
				COPY_PHASE_STRIP = NO;
				DEBUG_INFORMATION_FORMAT = "dwarf-with-dsym";
				ENABLE_NS_ASSERTIONS = NO;
				ENABLE_STRICT_OBJC_MSGSEND = YES;
				GCC_C_LANGUAGE_STANDARD = gnu99;
				GCC_NO_COMMON_BLOCKS = YES;
				GCC_WARN_64_TO_32_BIT_CONVERSION = YES;
				GCC_WARN_ABOUT_RETURN_TYPE = YES_ERROR;
				GCC_WARN_UNDECLARED_SELECTOR = YES;
				GCC_WARN_UNINITIALIZED_AUTOS = YES_AGGRESSIVE;
				GCC_WARN_UNUSED_FUNCTION = YES;
				GCC_WARN_UNUSED_VARIABLE = YES;
				IPHONEOS_DEPLOYMENT_TARGET = 9.3;
				MTL_ENABLE_DEBUG_INFO = NO;
				SDKROOT = iphoneos;
				TARGETED_DEVICE_FAMILY = "1,2";
				VALIDATE_PRODUCT = YES;
			};
			name = Release;
		};
		E7FDFCD91D5C64DF002B8A05 /* Debug */ = {
			isa = XCBuildConfiguration;
			buildSettings = {
				ASSETCATALOG_COMPILER_APPICON_NAME = AppIcon;
				INFOPLIST_FILE = PDTransformLayerStudy/Info.plist;
				LD_RUNPATH_SEARCH_PATHS = "$(inherited) @executable_path/Frameworks";
				PRODUCT_BUNDLE_IDENTIFIER = com.Dongba.PDTransformLayerStudy;
				PRODUCT_NAME = "$(TARGET_NAME)";
			};
			name = Debug;
		};
		E7FDFCDA1D5C64DF002B8A05 /* Release */ = {
			isa = XCBuildConfiguration;
			buildSettings = {
				ASSETCATALOG_COMPILER_APPICON_NAME = AppIcon;
				INFOPLIST_FILE = PDTransformLayerStudy/Info.plist;
				LD_RUNPATH_SEARCH_PATHS = "$(inherited) @executable_path/Frameworks";
				PRODUCT_BUNDLE_IDENTIFIER = com.Dongba.PDTransformLayerStudy;
				PRODUCT_NAME = "$(TARGET_NAME)";
			};
			name = Release;
		};
		E7FDFCDC1D5C64DF002B8A05 /* Debug */ = {
			isa = XCBuildConfiguration;
			buildSettings = {
				BUNDLE_LOADER = "$(TEST_HOST)";
				INFOPLIST_FILE = PDTransformLayerStudyTests/Info.plist;
				LD_RUNPATH_SEARCH_PATHS = "$(inherited) @executable_path/Frameworks @loader_path/Frameworks";
				PRODUCT_BUNDLE_IDENTIFIER = com.Dongba.PDTransformLayerStudyTests;
				PRODUCT_NAME = "$(TARGET_NAME)";
				TEST_HOST = "$(BUILT_PRODUCTS_DIR)/PDTransformLayerStudy.app/PDTransformLayerStudy";
			};
			name = Debug;
		};
		E7FDFCDD1D5C64DF002B8A05 /* Release */ = {
			isa = XCBuildConfiguration;
			buildSettings = {
				BUNDLE_LOADER = "$(TEST_HOST)";
				INFOPLIST_FILE = PDTransformLayerStudyTests/Info.plist;
				LD_RUNPATH_SEARCH_PATHS = "$(inherited) @executable_path/Frameworks @loader_path/Frameworks";
				PRODUCT_BUNDLE_IDENTIFIER = com.Dongba.PDTransformLayerStudyTests;
				PRODUCT_NAME = "$(TARGET_NAME)";
				TEST_HOST = "$(BUILT_PRODUCTS_DIR)/PDTransformLayerStudy.app/PDTransformLayerStudy";
			};
			name = Release;
		};
		E7FDFCDF1D5C64DF002B8A05 /* Debug */ = {
			isa = XCBuildConfiguration;
			buildSettings = {
				INFOPLIST_FILE = PDTransformLayerStudyUITests/Info.plist;
				LD_RUNPATH_SEARCH_PATHS = "$(inherited) @executable_path/Frameworks @loader_path/Frameworks";
				PRODUCT_BUNDLE_IDENTIFIER = com.Dongba.PDTransformLayerStudyUITests;
				PRODUCT_NAME = "$(TARGET_NAME)";
				TEST_TARGET_NAME = PDTransformLayerStudy;
			};
			name = Debug;
		};
		E7FDFCE01D5C64DF002B8A05 /* Release */ = {
			isa = XCBuildConfiguration;
			buildSettings = {
				INFOPLIST_FILE = PDTransformLayerStudyUITests/Info.plist;
				LD_RUNPATH_SEARCH_PATHS = "$(inherited) @executable_path/Frameworks @loader_path/Frameworks";
				PRODUCT_BUNDLE_IDENTIFIER = com.Dongba.PDTransformLayerStudyUITests;
				PRODUCT_NAME = "$(TARGET_NAME)";
				TEST_TARGET_NAME = PDTransformLayerStudy;
			};
			name = Release;
		};
/* End XCBuildConfiguration section */

/* Begin XCConfigurationList section */
		E7FDFCA61D5C64DF002B8A05 /* Build configuration list for PBXProject "PDTransformLayerStudy" */ = {
			isa = XCConfigurationList;
			buildConfigurations = (
				E7FDFCD61D5C64DF002B8A05 /* Debug */,
				E7FDFCD71D5C64DF002B8A05 /* Release */,
			);
			defaultConfigurationIsVisible = 0;
			defaultConfigurationName = Release;
		};
		E7FDFCD81D5C64DF002B8A05 /* Build configuration list for PBXNativeTarget "PDTransformLayerStudy" */ = {
			isa = XCConfigurationList;
			buildConfigurations = (
				E7FDFCD91D5C64DF002B8A05 /* Debug */,
				E7FDFCDA1D5C64DF002B8A05 /* Release */,
			);
			defaultConfigurationIsVisible = 0;
		};
		E7FDFCDB1D5C64DF002B8A05 /* Build configuration list for PBXNativeTarget "PDTransformLayerStudyTests" */ = {
			isa = XCConfigurationList;
			buildConfigurations = (
				E7FDFCDC1D5C64DF002B8A05 /* Debug */,
				E7FDFCDD1D5C64DF002B8A05 /* Release */,
			);
			defaultConfigurationIsVisible = 0;
		};
		E7FDFCDE1D5C64DF002B8A05 /* Build configuration list for PBXNativeTarget "PDTransformLayerStudyUITests" */ = {
			isa = XCConfigurationList;
			buildConfigurations = (
				E7FDFCDF1D5C64DF002B8A05 /* Debug */,
				E7FDFCE01D5C64DF002B8A05 /* Release */,
			);
			defaultConfigurationIsVisible = 0;
		};
/* End XCConfigurationList section */
	};
	rootObject = E7FDFCA31D5C64DF002B8A05 /* Project object */;
}
